
Microsoft Visual Studio Solution File, Format Version 12.00
# Visual Studio Version 17
VisualStudioVersion = 17.0.31903.59
MinimumVisualStudioVersion = 10.0.40219.1
Project("{2150E333-8FDC-42A3-9474-1A3956D46DE8}") = "src", "src", "{827E0CD3-B72D-47B6-A68D-7590B98EB39B}"
EndProject
Project("{FAE04EC0-301F-11D3-BF4B-00C04F79EFBC}") = "UserService", "src\UserService\UserService.csproj", "{0F03FD9C-DEDC-4CAF-90BD-C51A736326C6}"
EndProject
Project("{FAE04EC0-301F-11D3-BF4B-00C04F79EFBC}") = "BudgetService", "src\BudgetService\BudgetService.csproj", "{7CA17A4D-554D-42E7-934C-B516C4043375}"
EndProject
Project("{FAE04EC0-301F-11D3-BF4B-00C04F79EFBC}") = "TransactionService", "src\TransactionService\TransactionService.csproj", "{9A51C0C2-902C-4F33-BBFA-4CAFCCA56489}"
EndProject
Project("{FAE04EC0-301F-11D3-BF4B-00C04F79EFBC}") = "CategoryService", "src\CategoryService\CategoryService.csproj", "{83D656AD-8545-40BB-93FF-4220B78DC874}"
EndProject
Project("{FAE04EC0-301F-11D3-BF4B-00C04F79EFBC}") = "AccountService", "src\AccountService\AccountService.csproj", "{8ED42302-96BD-40A7-B7CD-DEB6F501DDAB}"
EndProject
Project("{FAE04EC0-301F-11D3-BF4B-00C04F79EFBC}") = "Spent.Common", "src\Spent.Common\Spent.Common.csproj", "{999159E3-E585-4C91-AE55-179B99066895}"
EndProject
Global
	GlobalSection(SolutionConfigurationPlatforms) = preSolution
		Debug|Any CPU = Debug|Any CPU
		Debug|x64 = Debug|x64
		Debug|x86 = Debug|x86
		Release|Any CPU = Release|Any CPU
		Release|x64 = Release|x64
		Release|x86 = Release|x86
	EndGlobalSection
	GlobalSection(ProjectConfigurationPlatforms) = postSolution
		{0F03FD9C-DEDC-4CAF-90BD-C51A736326C6}.Debug|Any CPU.ActiveCfg = Debug|Any CPU
		{0F03FD9C-DEDC-4CAF-90BD-C51A736326C6}.Debug|Any CPU.Build.0 = Debug|Any CPU
		{0F03FD9C-DEDC-4CAF-90BD-C51A736326C6}.Debug|x64.ActiveCfg = Debug|Any CPU
		{0F03FD9C-DEDC-4CAF-90BD-C51A736326C6}.Debug|x64.Build.0 = Debug|Any CPU
		{0F03FD9C-DEDC-4CAF-90BD-C51A736326C6}.Debug|x86.ActiveCfg = Debug|Any CPU
		{0F03FD9C-DEDC-4CAF-90BD-C51A736326C6}.Debug|x86.Build.0 = Debug|Any CPU
		{0F03FD9C-DEDC-4CAF-90BD-C51A736326C6}.Release|Any CPU.ActiveCfg = Release|Any CPU
		{0F03FD9C-DEDC-4CAF-90BD-C51A736326C6}.Release|Any CPU.Build.0 = Release|Any CPU
		{0F03FD9C-DEDC-4CAF-90BD-C51A736326C6}.Release|x64.ActiveCfg = Release|Any CPU
		{0F03FD9C-DEDC-4CAF-90BD-C51A736326C6}.Release|x64.Build.0 = Release|Any CPU
		{0F03FD9C-DEDC-4CAF-90BD-C51A736326C6}.Release|x86.ActiveCfg = Release|Any CPU
		{0F03FD9C-DEDC-4CAF-90BD-C51A736326C6}.Release|x86.Build.0 = Release|Any CPU
		{7CA17A4D-554D-42E7-934C-B516C4043375}.Debug|Any CPU.ActiveCfg = Debug|Any CPU
		{7CA17A4D-554D-42E7-934C-B516C4043375}.Debug|Any CPU.Build.0 = Debug|Any CPU
		{7CA17A4D-554D-42E7-934C-B516C4043375}.Debug|x64.ActiveCfg = Debug|Any CPU
		{7CA17A4D-554D-42E7-934C-B516C4043375}.Debug|x64.Build.0 = Debug|Any CPU
		{7CA17A4D-554D-42E7-934C-B516C4043375}.Debug|x86.ActiveCfg = Debug|Any CPU
		{7CA17A4D-554D-42E7-934C-B516C4043375}.Debug|x86.Build.0 = Debug|Any CPU
		{7CA17A4D-554D-42E7-934C-B516C4043375}.Release|Any CPU.ActiveCfg = Release|Any CPU
		{7CA17A4D-554D-42E7-934C-B516C4043375}.Release|Any CPU.Build.0 = Release|Any CPU
		{7CA17A4D-554D-42E7-934C-B516C4043375}.Release|x64.ActiveCfg = Release|Any CPU
		{7CA17A4D-554D-42E7-934C-B516C4043375}.Release|x64.Build.0 = Release|Any CPU
		{7CA17A4D-554D-42E7-934C-B516C4043375}.Release|x86.ActiveCfg = Release|Any CPU
		{7CA17A4D-554D-42E7-934C-B516C4043375}.Release|x86.Build.0 = Release|Any CPU
		{9A51C0C2-902C-4F33-BBFA-4CAFCCA56489}.Debug|Any CPU.ActiveCfg = Debug|Any CPU
		{9A51C0C2-902C-4F33-BBFA-4CAFCCA56489}.Debug|Any CPU.Build.0 = Debug|Any CPU
		{9A51C0C2-902C-4F33-BBFA-4CAFCCA56489}.Debug|x64.ActiveCfg = Debug|Any CPU
		{9A51C0C2-902C-4F33-BBFA-4CAFCCA56489}.Debug|x64.Build.0 = Debug|Any CPU
		{9A51C0C2-902C-4F33-BBFA-4CAFCCA56489}.Debug|x86.ActiveCfg = Debug|Any CPU
		{9A51C0C2-902C-4F33-BBFA-4CAFCCA56489}.Debug|x86.Build.0 = Debug|Any CPU
		{9A51C0C2-902C-4F33-BBFA-4CAFCCA56489}.Release|Any CPU.ActiveCfg = Release|Any CPU
		{9A51C0C2-902C-4F33-BBFA-4CAFCCA56489}.Release|Any CPU.Build.0 = Release|Any CPU
		{9A51C0C2-902C-4F33-BBFA-4CAFCCA56489}.Release|x64.ActiveCfg = Release|Any CPU
		{9A51C0C2-902C-4F33-BBFA-4CAFCCA56489}.Release|x64.Build.0 = Release|Any CPU
		{9A51C0C2-902C-4F33-BBFA-4CAFCCA56489}.Release|x86.ActiveCfg = Release|Any CPU
		{9A51C0C2-902C-4F33-BBFA-4CAFCCA56489}.Release|x86.Build.0 = Release|Any CPU
		{83D656AD-8545-40BB-93FF-4220B78DC874}.Debug|Any CPU.ActiveCfg = Debug|Any CPU
		{83D656AD-8545-40BB-93FF-4220B78DC874}.Debug|Any CPU.Build.0 = Debug|Any CPU
		{83D656AD-8545-40BB-93FF-4220B78DC874}.Debug|x64.ActiveCfg = Debug|Any CPU
		{83D656AD-8545-40BB-93FF-4220B78DC874}.Debug|x64.Build.0 = Debug|Any CPU
		{83D656AD-8545-40BB-93FF-4220B78DC874}.Debug|x86.ActiveCfg = Debug|Any CPU
		{83D656AD-8545-40BB-93FF-4220B78DC874}.Debug|x86.Build.0 = Debug|Any CPU
		{83D656AD-8545-40BB-93FF-4220B78DC874}.Release|Any CPU.ActiveCfg = Release|Any CPU
		{83D656AD-8545-40BB-93FF-4220B78DC874}.Release|Any CPU.Build.0 = Release|Any CPU
		{83D656AD-8545-40BB-93FF-4220B78DC874}.Release|x64.ActiveCfg = Release|Any CPU
		{83D656AD-8545-40BB-93FF-4220B78DC874}.Release|x64.Build.0 = Release|Any CPU
		{83D656AD-8545-40BB-93FF-4220B78DC874}.Release|x86.ActiveCfg = Release|Any CPU
		{83D656AD-8545-40BB-93FF-4220B78DC874}.Release|x86.Build.0 = Release|Any CPU
		{8ED42302-96BD-40A7-B7CD-DEB6F501DDAB}.Debug|Any CPU.ActiveCfg = Debug|Any CPU
		{8ED42302-96BD-40A7-B7CD-DEB6F501DDAB}.Debug|Any CPU.Build.0 = Debug|Any CPU
		{8ED42302-96BD-40A7-B7CD-DEB6F501DDAB}.Debug|x64.ActiveCfg = Debug|Any CPU
		{8ED42302-96BD-40A7-B7CD-DEB6F501DDAB}.Debug|x64.Build.0 = Debug|Any CPU
		{8ED42302-96BD-40A7-B7CD-DEB6F501DDAB}.Debug|x86.ActiveCfg = Debug|Any CPU
		{8ED42302-96BD-40A7-B7CD-DEB6F501DDAB}.Debug|x86.Build.0 = Debug|Any CPU
		{8ED42302-96BD-40A7-B7CD-DEB6F501DDAB}.Release|Any CPU.ActiveCfg = Release|Any CPU
		{8ED42302-96BD-40A7-B7CD-DEB6F501DDAB}.Release|Any CPU.Build.0 = Release|Any CPU
		{8ED42302-96BD-40A7-B7CD-DEB6F501DDAB}.Release|x64.ActiveCfg = Release|Any CPU
		{8ED42302-96BD-40A7-B7CD-DEB6F501DDAB}.Release|x64.Build.0 = Release|Any CPU
		{8ED42302-96BD-40A7-B7CD-DEB6F501DDAB}.Release|x86.ActiveCfg = Release|Any CPU
		{8ED42302-96BD-40A7-B7CD-DEB6F501DDAB}.Release|x86.Build.0 = Release|Any CPU
		{999159E3-E585-4C91-AE55-179B99066895}.Debug|Any CPU.ActiveCfg = Debug|Any CPU
		{999159E3-E585-4C91-AE55-179B99066895}.Debug|Any CPU.Build.0 = Debug|Any CPU
		{999159E3-E585-4C91-AE55-179B99066895}.Debug|x64.ActiveCfg = Debug|Any CPU
		{999159E3-E585-4C91-AE55-179B99066895}.Debug|x64.Build.0 = Debug|Any CPU
		{999159E3-E585-4C91-AE55-179B99066895}.Debug|x86.ActiveCfg = Debug|Any CPU
		{999159E3-E585-4C91-AE55-179B99066895}.Debug|x86.Build.0 = Debug|Any CPU
		{999159E3-E585-4C91-AE55-179B99066895}.Release|Any CPU.ActiveCfg = Release|Any CPU
		{999159E3-E585-4C91-AE55-179B99066895}.Release|Any CPU.Build.0 = Release|Any CPU
		{999159E3-E585-4C91-AE55-179B99066895}.Release|x64.ActiveCfg = Release|Any CPU
		{999159E3-E585-4C91-AE55-179B99066895}.Release|x64.Build.0 = Release|Any CPU
		{999159E3-E585-4C91-AE55-179B99066895}.Release|x86.ActiveCfg = Release|Any CPU
		{999159E3-E585-4C91-AE55-179B99066895}.Release|x86.Build.0 = Release|Any CPU
	EndGlobalSection
	GlobalSection(SolutionProperties) = preSolution
		HideSolutionNode = FALSE
	EndGlobalSection
	GlobalSection(NestedProjects) = preSolution
		{0F03FD9C-DEDC-4CAF-90BD-C51A736326C6} = {827E0CD3-B72D-47B6-A68D-7590B98EB39B}
		{7CA17A4D-554D-42E7-934C-B516C4043375} = {827E0CD3-B72D-47B6-A68D-7590B98EB39B}
		{9A51C0C2-902C-4F33-BBFA-4CAFCCA56489} = {827E0CD3-B72D-47B6-A68D-7590B98EB39B}
		{83D656AD-8545-40BB-93FF-4220B78DC874} = {827E0CD3-B72D-47B6-A68D-7590B98EB39B}
		{8ED42302-96BD-40A7-B7CD-DEB6F501DDAB} = {827E0CD3-B72D-47B6-A68D-7590B98EB39B}
		{999159E3-E585-4C91-AE55-179B99066895} = {827E0CD3-B72D-47B6-A68D-7590B98EB39B}
	EndGlobalSection
EndGlobal
